<?xml version="1.0" encoding="utf-8"?>
<Project ToolsVersion="4.0" xmlns="http://schemas.microsoft.com/developer/msbuild/2003">
  <ItemGroup>
    <Filter Include="源文件">
      <UniqueIdentifier>{c3702c27-6cc6-4520-98cb-23e32528a4ce}</UniqueIdentifier>
    </Filter>
    <Filter Include="生成的文件">
      <UniqueIdentifier>{6ee9a33c-4b64-4838-a33e-be8dabce1ea8}</UniqueIdentifier>
      <SourceControlFiles>False</SourceControlFiles>
    </Filter>
  </ItemGroup>
  <ItemGroup>
    <None Include="WordToolsps.def" />
  </ItemGroup>
  <ItemGroup>
    <ClCompile Include="WordTools_i.c">
      <Filter>生成的文件</Filter>
    </ClCompile>
    <ClCompile Include="WordTools_p.c">
      <Filter>生成的文件</Filter>
    </ClCompile>
    <ClCompile Include="dlldata.c">
      <Filter>生成的文件</Filter>
    </ClCompile>
  </ItemGroup>
</Project>